// !$*UTF8*$!
{
	archiveVersion = 1;
	classes = {
	};
	objectVersion = 50;
	objects = {

/* Begin PBXBuildFile section */
		7ECCEA8D27735EE700C97059 /* AppDelegate.swift in Sources */ = {isa = PBXBuildFile; fileRef = 7ECCEA8C27735EE700C97059 /* AppDelegate.swift */; };
		7ECCEA8F27735EE700C97059 /* SceneDelegate.swift in Sources */ = {isa = PBXBuildFile; fileRef = 7ECCEA8E27735EE700C97059 /* SceneDelegate.swift */; };
		7ECCEA9127735EE700C97059 /* ViewController.swift in Sources */ = {isa = PBXBuildFile; fileRef = 7ECCEA9027735EE700C97059 /* ViewController.swift */; };
		7ECCEA9427735EE700C97059 /* Main.storyboard in Resources */ = {isa = PBXBuildFile; fileRef = 7ECCEA9227735EE700C97059 /* Main.storyboard */; };
		7ECCEA9627735EEA00C97059 /* Assets.xcassets in Resources */ = {isa = PBXBuildFile; fileRef = 7ECCEA9527735EEA00C97059 /* Assets.xcassets */; };
		7ECCEA9927735EEA00C97059 /* LaunchScreen.storyboard in Resources */ = {isa = PBXBuildFile; fileRef = 7ECCEA9727735EEA00C97059 /* LaunchScreen.storyboard */; };
/* End PBXBuildFile section */

/* Begin PBXFileReference section */
		7ECCEA8927735EE700C97059 /* NewCustomFootwear-Measurements.app */ = {isa = PBXFileReference; explicitFileType = wrapper.application; includeInIndex = 0; path = "NewCustomFootwear-Measurements.app"; sourceTree = BUILT_PRODUCTS_DIR; };
		7ECCEA8C27735EE700C97059 /* AppDelegate.swift */ = {isa = PBXFileReference; lastKnownFileType = sourcecode.swift; path = AppDelegate.swift; sourceTree = "<group>"; };
		7ECCEA8E27735EE700C97059 /* SceneDelegate.swift */ = {isa = PBXFileReference; lastKnownFileType = sourcecode.swift; path = SceneDelegate.swift; sourceTree = "<group>"; };
		7ECCEA9027735EE700C97059 /* ViewController.swift */ = {isa = PBXFileReference; lastKnownFileType = sourcecode.swift; path = ViewController.swift; sourceTree = "<group>"; };
		7ECCEA9327735EE700C97059 /* Base */ = {isa = PBXFileReference; lastKnownFileType = file.storyboard; name = Base; path = Base.lproj/Main.storyboard; sourceTree = "<group>"; };
		7ECCEA9527735EEA00C97059 /* Assets.xcassets */ = {isa = PBXFileReference; lastKnownFileType = folder.assetcatalog; path = Assets.xcassets; sourceTree = "<group>"; };
		7ECCEA9827735EEA00C97059 /* Base */ = {isa = PBXFileReference; lastKnownFileType = file.storyboard; name = Base; path = Base.lproj/LaunchScreen.storyboard; sourceTree = "<group>"; };
		7ECCEA9A27735EEA00C97059 /* Info.plist */ = {isa = PBXFileReference; lastKnownFileType = text.plist.xml; path = Info.plist; sourceTree = "<group>"; };
/* End PBXFileReference section */

/* Begin PBXFrameworksBuildPhase section */
		7ECCEA8627735EE700C97059 /* Frameworks */ = {
			isa = PBXFrameworksBuildPhase;
			buildActionMask = 2147483647;
			files = (
			);
			runOnlyForDeploymentPostprocessing = 0;
		};
/* End PBXFrameworksBuildPhase section */

/* Begin PBXGroup section */
		7ECCEA8027735EE700C97059 = {
			isa = PBXGroup;
			children = (
				7ECCEA8B27735EE700C97059 /* NewCustomFootwear-Measurements */,
				7ECCEA8A27735EE700C97059 /* Products */,
			);
			sourceTree = "<group>";
		};
		7ECCEA8A27735EE700C97059 /* Products */ = {
			isa = PBXGroup;
			children = (
				7ECCEA8927735EE700C97059 /* NewCustomFootwear-Measurements.app */,
			);
			name = Products;
			sourceTree = "<group>";
		};
		7ECCEA8B27735EE700C97059 /* NewCustomFootwear-Measurements */ = {
			isa = PBXGroup;
			children = (
				7ECCEA8C27735EE700C97059 /* AppDelegate.swift */,
				7ECCEA8E27735EE700C97059 /* SceneDelegate.swift */,
				7ECCEA9027735EE700C97059 /* ViewController.swift */,
				7ECCEA9227735EE700C97059 /* Main.storyboard */,
				7ECCEA9527735EEA00C97059 /* Assets.xcassets */,
				7ECCEA9727735EEA00C97059 /* LaunchScreen.storyboard */,
				7ECCEA9A27735EEA00C97059 /* Info.plist */,
			);
			path = "NewCustomFootwear-Measurements";
			sourceTree = "<group>";
		};
/* End PBXGroup section */

/* Begin PBXNativeTarget section */
		7ECCEA8827735EE700C97059 /* NewCustomFootwear-Measurements */ = {
			isa = PBXNativeTarget;
			buildConfigurationList = 7ECCEA9D27735EEA00C97059 /* Build configuration list for PBXNativeTarget "NewCustomFootwear-Measurements" */;
			buildPhases = (
				7ECCEA8527735EE700C97059 /* Sources */,
				7ECCEA8627735EE700C97059 /* Frameworks */,
				7ECCEA8727735EE700C97059 /* Resources */,
			);
			buildRules = (
			);
			dependencies = (
			);
			name = "NewCustomFootwear-Measurements";
			productName = "NewCustomFootwear-Measurements";
			productReference = 7ECCEA8927735EE700C97059 /* NewCustomFootwear-Measurements.app */;
			productType = "com.apple.product-type.application";
		};
/* End PBXNativeTarget section */

/* Begin PBXProject section */
		7ECCEA8127735EE700C97059 /* Project object */ = {
			isa = PBXProject;
			attributes = {
				LastSwiftUpdateCheck = 1210;
				LastUpgradeCheck = 1210;
				TargetAttributes = {
					7ECCEA8827735EE700C97059 = {
						CreatedOnToolsVersion = 12.1;
					};
				};
			};
			buildConfigurationList = 7ECCEA8427735EE700C97059 /* Build configuration list for PBXProject "NewCustomFootwear-Measurements" */;
			compatibilityVersion = "Xcode 9.3";
			developmentRegion = en;
			hasScannedForEncodings = 0;
			knownRegions = (
				en,
				Base,
			);
			mainGroup = 7ECCEA8027735EE700C97059;
			productRefGroup = 7ECCEA8A27735EE700C97059 /* Products */;
			projectDirPath = "";
			projectRoot = "";
			targets = (
				7ECCEA8827735EE700C97059 /* NewCustomFootwear-Measurements */,
			);
		};
/* End PBXProject section */

/* Begin PBXResourcesBuildPhase section */
		7ECCEA8727735EE700C97059 /* Resources */ = {
			isa = PBXResourcesBuildPhase;
			buildActionMask = 2147483647;
			files = (
				7ECCEA9927735EEA00C97059 /* LaunchScreen.storyboard in Resources */,
				7ECCEA9627735EEA00C97059 /* Assets.xcassets in Resources */,
				7ECCEA9427735EE700C97059 /* Main.storyboard in Resources */,
			);
			runOnlyForDeploymentPostprocessing = 0;
		};
/* End PBXResourcesBuildPhase section */

/* Begin PBXSourcesBuildPhase section */
		7ECCEA8527735EE700C97059 /* Sources */ = {
			isa = PBXSourcesBuildPhase;
			buildActionMask = 2147483647;
			files = (
				7ECCEA9127735EE700C97059 /* ViewController.swift in Sources */,
				7ECCEA8D27735EE700C97059 /* AppDelegate.swift in Sources */,
				7ECCEA8F27735EE700C97059 /* SceneDelegate.swift in Sources */,
			);
			runOnlyForDeploymentPostprocessing = 0;
		};
/* End PBXSourcesBuildPhase section */

/* Begin PBXVariantGroup section */
		7ECCEA9227735EE700C97059 /* Main.storyboard */ = {
			isa = PBXVariantGroup;
			children = (
				7ECCEA9327735EE700C97059 /* Base */,
			);
			name = Main.storyboard;
			sourceTree = "<group>";
		};
		7ECCEA9727735EEA00C97059 /* LaunchScreen.storyboard */ = {
			isa = PBXVariantGroup;
			children = (
				7ECCEA9827735EEA00C97059 /* Base */,
			);
			name = LaunchScreen.storyboard;
			sourceTree = "<group>";
		};
/* End PBXVariantGroup section */

/* Begin XCBuildConfiguration section */
		7ECCEA9B27735EEA00C97059 /* Debug */ = {
			isa = XCBuildConfiguration;
			buildSettings = {
				ALWAYS_SEARCH_USER_PATHS = NO;
				CLANG_ANALYZER_NONNULL = YES;
				CLANG_ANALYZER_NUMBER_OBJECT_CONVERSION = YES_AGGRESSIVE;
				CLANG_CXX_LANGUAGE_STANDARD = "gnu++14";
				CLANG_CXX_LIBRARY = "libc++";
				CLANG_ENABLE_MODULES = YES;
				CLANG_ENABLE_OBJC_ARC = YES;
				CLANG_ENABLE_OBJC_WEAK = YES;
				CLANG_WARN_BLOCK_CAPTURE_AUTORELEASING = YES;
				CLANG_WARN_BOOL_CONVERSION = YES;
				CLANG_WARN_COMMA = YES;
				CLANG_WARN_CONSTANT_CONVERSION = YES;
				CLANG_WARN_DEPRECATED_OBJC_IMPLEMENTATIONS = YES;
				CLANG_WARN_DIRECT_OBJC_ISA_USAGE = YES_ERROR;
				CLANG_WARN_DOCUMENTATION_COMMENTS = YES;
				CLANG_WARN_EMPTY_BODY = YES;
				CLANG_WARN_ENUM_CONVERSION = YES;
				CLANG_WARN_INFINITE_RECURSION = YES;
				CLANG_WARN_INT_CONVERSION = YES;
				CLANG_WARN_NON_LITERAL_NULL_CONVERSION = YES;
				CLANG_WARN_OBJC_IMPLICIT_RETAIN_SELF = YES;
				CLANG_WARN_OBJC_LITERAL_CONVERSION = YES;
				CLANG_WARN_OBJC_ROOT_CLASS = YES_ERROR;
				CLANG_WARN_QUOTED_INCLUDE_IN_FRAMEWORK_HEADER = YES;
				CLANG_WARN_RANGE_LOOP_ANALYSIS = YES;
				CLANG_WARN_STRICT_PROTOTYPES = YES;
				CLANG_WARN_SUSPICIOUS_MOVE = YES;
				CLANG_WARN_UNGUARDED_AVAILABILITY = YES_AGGRESSIVE;
				CLANG_WARN_UNREACHABLE_CODE = YES;
				CLANG_WARN__DUPLICATE_METHOD_MATCH = YES;
				COPY_PHASE_STRIP = NO;
				DEBUG_INFORMATION_FORMAT = dwarf;
				ENABLE_STRICT_OBJC_MSGSEND = YES;
				ENABLE_TESTABILITY = YES;
				GCC_C_LANGUAGE_STANDARD = gnu11;
				GCC_DYNAMIC_NO_PIC = NO;
				GCC_NO_COMMON_BLOCKS = YES;
				GCC_OPTIMIZATION_LEVEL = 0;
				GCC_PREPROCESSOR_DEFINITIONS = (
					"DEBUG=1",
					"$(inherited)",
				);
				GCC_WARN_64_TO_32_BIT_CONVERSION = YES;
				GCC_WARN_ABOUT_RETURN_TYPE = YES_ERROR;
				GCC_WARN_UNDECLARED_SELECTOR = YES;
				GCC_WARN_UNINITIALIZED_AUTOS = YES_AGGRESSIVE;
				GCC_WARN_UNUSED_FUNCTION = YES;
				GCC_WARN_UNUSED_VARIABLE = YES;
				IPHONEOS_DEPLOYMENT_TARGET = 14.1;
				MTL_ENABLE_DEBUG_INFO = INCLUDE_SOURCE;
				MTL_FAST_MATH = YES;
				ONLY_ACTIVE_ARCH = YES;
				SDKROOT = iphoneos;
				SWIFT_ACTIVE_COMPILATION_CONDITIONS = DEBUG;
				SWIFT_OPTIMIZATION_LEVEL = "-Onone";
			};
			name = Debug;
		};
		7ECCEA9C27735EEA00C97059 /* Release */ = {
			isa = XCBuildConfiguration;
			buildSettings = {
				ALWAYS_SEARCH_USER_PATHS = NO;
				CLANG_ANALYZER_NONNULL = YES;
				CLANG_ANALYZER_NUMBER_OBJECT_CONVERSION = YES_AGGRESSIVE;
				CLANG_CXX_LANGUAGE_STANDARD = "gnu++14";
				CLANG_CXX_LIBRARY = "libc++";
				CLANG_ENABLE_MODULES = YES;
				CLANG_ENABLE_OBJC_ARC = YES;
				CLANG_ENABLE_OBJC_WEAK = YES;
				CLANG_WARN_BLOCK_CAPTURE_AUTORELEASING = YES;
				CLANG_WARN_BOOL_CONVERSION = YES;
				CLANG_WARN_COMMA = YES;
				CLANG_WARN_CONSTANT_CONVERSION = YES;
				CLANG_WARN_DEPRECATED_OBJC_IMPLEMENTATIONS = YES;
				CLANG_WARN_DIRECT_OBJC_ISA_USAGE = YES_ERROR;
				CLANG_WARN_DOCUMENTATION_COMMENTS = YES;
				CLANG_WARN_EMPTY_BODY = YES;
				CLANG_WARN_ENUM_CONVERSION = YES;
				CLANG_WARN_INFINITE_RECURSION = YES;
				CLANG_WARN_INT_CONVERSION = YES;
				CLANG_WARN_NON_LITERAL_NULL_CONVERSION = YES;
				CLANG_WARN_OBJC_IMPLICIT_RETAIN_SELF = YES;
				CLANG_WARN_OBJC_LITERAL_CONVERSION = YES;
				CLANG_WARN_OBJC_ROOT_CLASS = YES_ERROR;
				CLANG_WARN_QUOTED_INCLUDE_IN_FRAMEWORK_HEADER = YES;
				CLANG_WARN_RANGE_LOOP_ANALYSIS = YES;
				CLANG_WARN_STRICT_PROTOTYPES = YES;
				CLANG_WARN_SUSPICIOUS_MOVE = YES;
				CLANG_WARN_UNGUARDED_AVAILABILITY = YES_AGGRESSIVE;
				CLANG_WARN_UNREACHABLE_CODE = YES;
				CLANG_WARN__DUPLICATE_METHOD_MATCH = YES;
				COPY_PHASE_STRIP = NO;
				DEBUG_INFORMATION_FORMAT = "dwarf-with-dsym";
				ENABLE_NS_ASSERTIONS = NO;
				ENABLE_STRICT_OBJC_MSGSEND = YES;
				GCC_C_LANGUAGE_STANDARD = gnu11;
				GCC_NO_COMMON_BLOCKS = YES;
				GCC_WARN_64_TO_32_BIT_CONVERSION = YES;
				GCC_WARN_ABOUT_RETURN_TYPE = YES_ERROR;
				GCC_WARN_UNDECLARED_SELECTOR = YES;
				GCC_WARN_UNINITIALIZED_AUTOS = YES_AGGRESSIVE;
				GCC_WARN_UNUSED_FUNCTION = YES;
				GCC_WARN_UNUSED_VARIABLE = YES;
				IPHONEOS_DEPLOYMENT_TARGET = 14.1;
				MTL_ENABLE_DEBUG_INFO = NO;
				MTL_FAST_MATH = YES;
				SDKROOT = iphoneos;
				SWIFT_COMPILATION_MODE = wholemodule;
				SWIFT_OPTIMIZATION_LEVEL = "-O";
				VALIDATE_PRODUCT = YES;
			};
			name = Release;
		};
		7ECCEA9E27735EEA00C97059 /* Debug */ = {
			isa = XCBuildConfiguration;
			buildSettings = {
				ASSETCATALOG_COMPILER_APPICON_NAME = AppIcon;
				ASSETCATALOG_COMPILER_GLOBAL_ACCENT_COLOR_NAME = AccentColor;
				CODE_SIGN_STYLE = Automatic;
				DEVELOPMENT_TEAM = TTNMNDU6PP;
				INFOPLIST_FILE = "NewCustomFootwear-Measurements/Info.plist";
				LD_RUNPATH_SEARCH_PATHS = (
					"$(inherited)",
					"@executable_path/Frameworks",
				);
				PRODUCT_BUNDLE_IDENTIFIER = "RutujaHulsure.NewCustomFootwear-Measurements";
				PRODUCT_NAME = "$(TARGET_NAME)";
				SWIFT_VERSION = 5.0;
				TARGETED_DEVICE_FAMILY = "1,2";
			};
			name = Debug;
		};
		7ECCEA9F27735EEA00C97059 /* Release */ = {
			isa = XCBuildConfiguration;
			buildSettings = {
				ASSETCATALOG_COMPILER_APPICON_NAME = AppIcon;
				ASSETCATALOG_COMPILER_GLOBAL_ACCENT_COLOR_NAME = AccentColor;
				CODE_SIGN_STYLE = Automatic;
				DEVELOPMENT_TEAM = TTNMNDU6PP;
				INFOPLIST_FILE = "NewCustomFootwear-Measurements/Info.plist";
				LD_RUNPATH_SEARCH_PATHS = (
					"$(inherited)",
					"@executable_path/Frameworks",
				);
				PRODUCT_BUNDLE_IDENTIFIER = "RutujaHulsure.NewCustomFootwear-Measurements";
				PRODUCT_NAME = "$(TARGET_NAME)";
				SWIFT_VERSION = 5.0;
				TARGETED_DEVICE_FAMILY = "1,2";
			};
			name = Release;
		};
/* End XCBuildConfiguration section */

/* Begin XCConfigurationList section */
		7ECCEA8427735EE700C97059 /* Build configuration list for PBXProject "NewCustomFootwear-Measurements" */ = {
			isa = XCConfigurationList;
			buildConfigurations = (
				7ECCEA9B27735EEA00C97059 /* Debug */,
				7ECCEA9C27735EEA00C97059 /* Release */,
			);
			defaultConfigurationIsVisible = 0;
			defaultConfigurationName = Release;
		};
		7ECCEA9D27735EEA00C97059 /* Build configuration list for PBXNativeTarget "NewCustomFootwear-Measurements" */ = {
			isa = XCConfigurationList;
			buildConfigurations = (
				7ECCEA9E27735EEA00C97059 /* Debug */,
				7ECCEA9F27735EEA00C97059 /* Release */,
			);
			defaultConfigurationIsVisible = 0;
			defaultConfigurationName = Release;
		};
/* End XCConfigurationList section */
	};
	rootObject = 7ECCEA8127735EE700C97059 /* Project object */;
}
